Microsoft Visual Studio Solution File, Format Version 12.00
# Visual Studio Version 17
VisualStudioVersion = 17.5.2.0
MinimumVisualStudioVersion = 10.0.40219.1
Project("{FAE04EC0-301F-11D3-BF4B-00C04F79EFBC}") = "shopee-sv", "shopee-sv\shopee-sv.csproj", "{8DBD3D4E-2E3C-B96F-8B3A-EC6D3727C652}"
EndProject
Global
	GlobalSection(SolutionConfigurationPlatforms) = preSolution
		Debug|Any CPU = Debug|Any CPU
		Release|Any CPU = Release|Any CPU
	EndGlobalSection
	GlobalSection(ProjectConfigurationPlatforms) = postSolution
		{8DBD3D4E-2E3C-B96F-8B3A-EC6D3727C652}.Debug|Any CPU.ActiveCfg = Debug|Any CPU
		{8DBD3D4E-2E3C-B96F-8B3A-EC6D3727C652}.Debug|Any CPU.Build.0 = Debug|Any CPU
		{8DBD3D4E-2E3C-B96F-8B3A-EC6D3727C652}.Release|Any CPU.ActiveCfg = Release|Any CPU
		{8DBD3D4E-2E3C-B96F-8B3A-EC6D3727C652}.Release|Any CPU.Build.0 = Release|Any CPU
	EndGlobalSection
	GlobalSection(SolutionProperties) = preSolution
		HideSolutionNode = FALSE
	EndGlobalSection
	GlobalSection(ExtensibilityGlobals) = postSolution
		SolutionGuid = {F07BB1DC-868D-4A8D-8D2E-79325723D542}
	EndGlobalSection
EndGlobal
